
Microsoft Visual Studio Solution File, Format Version 12.00
# Visual Studio Version 17
VisualStudioVersion = 17.5.002.0
MinimumVisualStudioVersion = 10.0.40219.1
Project("{9A19103F-16F7-4668-BE54-9A1E7A4F7556}") = "StreamArtist.Tests", "StreamArtist.Tests.csproj", "{705B5D6C-28F8-4BBE-A9FE-A9F84C71E66A}"
EndProject
Global
	GlobalSection(SolutionConfigurationPlatforms) = preSolution
		Debug|Any CPU = Debug|Any CPU
		Release|Any CPU = Release|Any CPU
	EndGlobalSection
	GlobalSection(ProjectConfigurationPlatforms) = postSolution
		{705B5D6C-28F8-4BBE-A9FE-A9F84C71E66A}.Debug|Any CPU.ActiveCfg = Debug|Any CPU
		{705B5D6C-28F8-4BBE-A9FE-A9F84C71E66A}.Debug|Any CPU.Build.0 = Debug|Any CPU
		{705B5D6C-28F8-4BBE-A9FE-A9F84C71E66A}.Release|Any CPU.ActiveCfg = Release|Any CPU
		{705B5D6C-28F8-4BBE-A9FE-A9F84C71E66A}.Release|Any CPU.Build.0 = Release|Any CPU
	EndGlobalSection
	GlobalSection(SolutionProperties) = preSolution
		HideSolutionNode = FALSE
	EndGlobalSection
	GlobalSection(ExtensibilityGlobals) = postSolution
		SolutionGuid = {6D09FE98-6CA3-40D2-A8DF-EDF8A0D4AD1C}
	EndGlobalSection
EndGlobal
