
Microsoft Visual Studio Solution File, Format Version 12.00
# Visual Studio Version 17
VisualStudioVersion = 17.14.36212.18 d17.14
MinimumVisualStudioVersion = 10.0.40219.1
Project("{FAE04EC0-301F-11D3-BF4B-00C04F79EFBC}") = "StreamArtistWin", "StreamArtistWin\StreamArtistWin.csproj", "{DAA270A6-24EB-4315-806B-99B06E408C9C}"
EndProject
Project("{FAE04EC0-301F-11D3-BF4B-00C04F79EFBC}") = "StreamArtistLib", "StreamArtistLib\StreamArtistLib.csproj", "{61F26201-9F13-4793-B71D-731E57CD3DD0}"
EndProject
Global
	GlobalSection(SolutionConfigurationPlatforms) = preSolution
		Debug|Any CPU = Debug|Any CPU
		Release|Any CPU = Release|Any CPU
	EndGlobalSection
	GlobalSection(ProjectConfigurationPlatforms) = postSolution
		{DAA270A6-24EB-4315-806B-99B06E408C9C}.Debug|Any CPU.ActiveCfg = Debug|Any CPU
		{DAA270A6-24EB-4315-806B-99B06E408C9C}.Debug|Any CPU.Build.0 = Debug|Any CPU
		{DAA270A6-24EB-4315-806B-99B06E408C9C}.Release|Any CPU.ActiveCfg = Release|Any CPU
		{DAA270A6-24EB-4315-806B-99B06E408C9C}.Release|Any CPU.Build.0 = Release|Any CPU
		{61F26201-9F13-4793-B71D-731E57CD3DD0}.Debug|Any CPU.ActiveCfg = Debug|Any CPU
		{61F26201-9F13-4793-B71D-731E57CD3DD0}.Debug|Any CPU.Build.0 = Debug|Any CPU
		{61F26201-9F13-4793-B71D-731E57CD3DD0}.Release|Any CPU.ActiveCfg = Release|Any CPU
		{61F26201-9F13-4793-B71D-731E57CD3DD0}.Release|Any CPU.Build.0 = Release|Any CPU
	EndGlobalSection
	GlobalSection(SolutionProperties) = preSolution
		HideSolutionNode = FALSE
	EndGlobalSection
	GlobalSection(ExtensibilityGlobals) = postSolution
		SolutionGuid = {3AE7426A-E5F7-495A-9505-EE1C363D7C45}
	EndGlobalSection
EndGlobal
